
Microsoft Visual Studio Solution File, Format Version 12.00
# Visual Studio Version 16
VisualStudioVersion = 16.0.30413.136
MinimumVisualStudioVersion = 10.0.40219.1
Project("{FAE04EC0-301F-11D3-BF4B-00C04F79EFBC}") = "EntityFrameworkCodeFirst", "EntityFrameworkCodeFirst\EntityFrameworkCodeFirst.csproj", "{4A7DFD88-6480-48CB-B58D-167E8CCAA209}"
EndProject
Project("{FAE04EC0-301F-11D3-BF4B-00C04F79EFBC}") = "MVC", "MVC\MVC.csproj", "{9FBD1688-C89E-4CA0-A915-0BDFDF64EE25}"
EndProject
Global
	GlobalSection(SolutionConfigurationPlatforms) = preSolution
		Debug|Any CPU = Debug|Any CPU
		Release|Any CPU = Release|Any CPU
	EndGlobalSection
	GlobalSection(ProjectConfigurationPlatforms) = postSolution
		{4A7DFD88-6480-48CB-B58D-167E8CCAA209}.Debug|Any CPU.ActiveCfg = Debug|Any CPU
		{4A7DFD88-6480-48CB-B58D-167E8CCAA209}.Debug|Any CPU.Build.0 = Debug|Any CPU
		{4A7DFD88-6480-48CB-B58D-167E8CCAA209}.Release|Any CPU.ActiveCfg = Release|Any CPU
		{4A7DFD88-6480-48CB-B58D-167E8CCAA209}.Release|Any CPU.Build.0 = Release|Any CPU
		{9FBD1688-C89E-4CA0-A915-0BDFDF64EE25}.Debug|Any CPU.ActiveCfg = Debug|Any CPU
		{9FBD1688-C89E-4CA0-A915-0BDFDF64EE25}.Debug|Any CPU.Build.0 = Debug|Any CPU
		{9FBD1688-C89E-4CA0-A915-0BDFDF64EE25}.Release|Any CPU.ActiveCfg = Release|Any CPU
		{9FBD1688-C89E-4CA0-A915-0BDFDF64EE25}.Release|Any CPU.Build.0 = Release|Any CPU
	EndGlobalSection
	GlobalSection(SolutionProperties) = preSolution
		HideSolutionNode = FALSE
	EndGlobalSection
	GlobalSection(ExtensibilityGlobals) = postSolution
		SolutionGuid = {DEA39644-CA5A-47F3-95AA-4718FB730488}
	EndGlobalSection
EndGlobal
